<?xml version="1.0" encoding="utf-8"?>
<Project ToolsVersion="4.0" xmlns="http://schemas.microsoft.com/developer/msbuild/2003">
  <ItemGroup>
    <Filter Include="Source Files">
      <UniqueIdentifier>{4FC737F1-C7A5-4376-A066-2A32D752A2FF}</UniqueIdentifier>
      <Extensions>cpp;c;cc;cxx;c++;def;odl;idl;hpj;bat;asm;asmx</Extensions>
    </Filter>
    <Filter Include="Header Files">
      <UniqueIdentifier>{93995380-89BD-4b04-88EB-625FBE52EBFB}</UniqueIdentifier>
      <Extensions>h;hh;hpp;hxx;h++;hm;inl;inc;ipp;xsd</Extensions>
    </Filter>
    <Filter Include="Resource Files">
      <UniqueIdentifier>{67DA6AB6-F800-4c08-8B7A-83BB121AAD01}</UniqueIdentifier>
      <Extensions>rc;ico;cur;bmp;dlg;rc2;rct;bin;rgs;gif;jpg;jpeg;jpe;resx;tiff;tif;png;wav;mfcribbon-ms</Extensions>
    </Filter>
  </ItemGroup>
  <ItemGroup>
    <ClCompile Include="EditorSource\Editor.cpp">
      <Filter>Source Files</Filter>
    </ClCompile>
    <ClCompile Include="EditorSource\Editors\ResourceLoaders\Material_Type_Loader.cpp">
      <Filter>Source Files</Filter>
    </ClCompile>
    <ClCompile Include="EditorSource\Editors\ResourceLoaders\MaterialInstance_Import.cpp">
      <Filter>Source Files</Filter>
    </ClCompile>
    <ClCompile Include="EditorSource\Editors\ResourceLoaders\Model_Loader.cpp">
      <Filter>Source Files</Filter>
    </ClCompile>
    <ClCompile Include="EditorSource\Editors\ResourceLoaders\Texture_Loader.cpp">
      <Filter>Source Files</Filter>
    </ClCompile>
    <ClCompile Include="EditorSource\Editors\Content_Browser.cpp">
      <Filter>Source Files</Filter>
    </ClCompile>
    <ClCompile Include="EditorSource\Editors\IMGUI_DEFAULT_WINDOWs.cpp">
      <Filter>Source Files</Filter>
    </ClCompile>
    <ClCompile Include="EditorSource\Editors\Main_Window.cpp">
      <Filter>Source Files</Filter>
    </ClCompile>
    <ClCompile Include="EditorSource\Editors\Profiling_Window.cpp">
      <Filter>Source Files</Filter>
    </ClCompile>
    <ClCompile Include="EditorSource\Editors\Properties_Window.cpp">
      <Filter>Source Files</Filter>
    </ClCompile>
    <ClCompile Include="EditorSource\Editors\Scene_Editor.cpp">
      <Filter>Source Files</Filter>
    </ClCompile>
    <ClCompile Include="EditorSource\Editors\Status_Window.cpp">
      <Filter>Source Files</Filter>
    </ClCompile>
    <ClCompile Include="EditorSource\FileSystem\GameObjects\Camera_Component.cpp">
      <Filter>Source Files</Filter>
    </ClCompile>
    <ClCompile Include="EditorSource\FileSystem\GameObjects\StaticModel_Component.cpp">
      <Filter>Source Files</Filter>
    </ClCompile>
    <ClCompile Include="EditorSource\FileSystem\ResourceTypes\FileList_Resource.cpp">
      <Filter>Source Files</Filter>
    </ClCompile>
    <ClCompile Include="EditorSource\FileSystem\ResourceTypes\Model_Resource.cpp">
      <Filter>Source Files</Filter>
    </ClCompile>
    <ClCompile Include="EditorSource\FileSystem\ResourceTypes\Scene_Resource.cpp">
      <Filter>Source Files</Filter>
    </ClCompile>
    <ClCompile Include="EditorSource\FileSystem\EditorFileSystem_Core.cpp">
      <Filter>Source Files</Filter>
    </ClCompile>
    <ClCompile Include="EditorSource\RenderContext\Draw Passes\GBuffer_DrawPass.cpp">
      <Filter>Source Files</Filter>
    </ClCompile>
    <ClCompile Include="EditorSource\RenderContext\Game_RenderGraph.cpp">
      <Filter>Source Files</Filter>
    </ClCompile>
    <ClCompile Include="EditorSource\Editor_Includes.cpp">
      <Filter>Source Files</Filter>
    </ClCompile>
    <ClCompile Include="EngineSource\TuranLang\BasicCommands.cpp">
      <Filter>Source Files</Filter>
    </ClCompile>
    <ClCompile Include="EngineSource\TuranLang\TuranLang_Core.cpp">
      <Filter>Source Files</Filter>
    </ClCompile>
    <ClCompile Include="EngineSource\TuranEngine.cpp">
      <Filter>Source Files</Filter>
    </ClCompile>
    <ClCompile Include="GFXSource\GFX_FileSystem\Resource_Type\Material_Type_Resource.cpp">
      <Filter>Source Files</Filter>
    </ClCompile>
    <ClCompile Include="GFXSource\GFX_FileSystem\Resource_Type\Texture_Resource.cpp">
      <Filter>Source Files</Filter>
    </ClCompile>
    <ClCompile Include="GFXSource\IMGUI\Includes\imgui.cpp">
      <Filter>Source Files</Filter>
    </ClCompile>
    <ClCompile Include="GFXSource\IMGUI\Includes\imgui_demo.cpp">
      <Filter>Source Files</Filter>
    </ClCompile>
    <ClCompile Include="GFXSource\IMGUI\Includes\imgui_draw.cpp">
      <Filter>Source Files</Filter>
    </ClCompile>
    <ClCompile Include="GFXSource\IMGUI\Includes\imgui_stdlib.cpp">
      <Filter>Source Files</Filter>
    </ClCompile>
    <ClCompile Include="GFXSource\IMGUI\Includes\imgui_widgets.cpp">
      <Filter>Source Files</Filter>
    </ClCompile>
    <ClCompile Include="GFXSource\IMGUI\IMGUI_Core.cpp">
      <Filter>Source Files</Filter>
    </ClCompile>
    <ClCompile Include="GFXSource\IMGUI\IMGUI_WINDOW.cpp">
      <Filter>Source Files</Filter>
    </ClCompile>
    <ClCompile Include="GFXSource\Renderer\GFX_APICommands.cpp">
      <Filter>Source Files</Filter>
    </ClCompile>
    <ClCompile Include="GFXSource\Renderer\GFX_RenderCommands.cpp">
      <Filter>Source Files</Filter>
    </ClCompile>
    <ClCompile Include="GFXSource\Renderer\GFX_Renderer.cpp">
      <Filter>Source Files</Filter>
    </ClCompile>
    <ClCompile Include="GFXSource\Renderer\GFX_RenderGraph.cpp">
      <Filter>Source Files</Filter>
    </ClCompile>
    <ClCompile Include="GFXSource\Renderer\GFX_Resource.cpp">
      <Filter>Source Files</Filter>
    </ClCompile>
    <ClCompile Include="GFXSource\Renderer\GPU_ContentManager.cpp">
      <Filter>Source Files</Filter>
    </ClCompile>
    <ClCompile Include="GFXSource\GFX_Core.cpp">
      <Filter>Source Files</Filter>
    </ClCompile>
    <ClCompile Include="GFXSource\GFX_Display.cpp">
      <Filter>Source Files</Filter>
    </ClCompile>
    <ClCompile Include="GFXSource\GFX_ENUMs.cpp">
      <Filter>Source Files</Filter>
    </ClCompile>
    <ClCompile Include="GFXSource\GFX_Includes.cpp">
      <Filter>Source Files</Filter>
    </ClCompile>
    <ClCompile Include="TuranAPI\FileSystem\GameObjects\GameComponents\GameComponent.cpp">
      <Filter>Source Files</Filter>
    </ClCompile>
    <ClCompile Include="TuranAPI\FileSystem\FileSystem_Core.cpp">
      <Filter>Source Files</Filter>
    </ClCompile>
    <ClCompile Include="TuranAPI\Logger\Logger_Core.cpp">
      <Filter>Source Files</Filter>
    </ClCompile>
    <ClCompile Include="TuranAPI\MemoryManager\MemoryManager_Core.cpp">
      <Filter>Source Files</Filter>
    </ClCompile>
    <ClCompile Include="TuranAPI\Profiler\Profiler_Core.cpp">
      <Filter>Source Files</Filter>
    </ClCompile>
    <ClCompile Include="TuranAPI\API_includes.cpp">
      <Filter>Source Files</Filter>
    </ClCompile>
    <ClCompile Include="TuranAPI\TuranAPI_Core.cpp">
      <Filter>Source Files</Filter>
    </ClCompile>
    <ClCompile Include="OpenGL4Source\IMGUI\imgui_impl_glfw.cpp">
      <Filter>Source Files</Filter>
    </ClCompile>
    <ClCompile Include="OpenGL4Source\IMGUI\imgui_impl_opengl3.cpp">
      <Filter>Source Files</Filter>
    </ClCompile>
    <ClCompile Include="OpenGL4Source\IMGUI\IMGUI_OGL4.cpp">
      <Filter>Source Files</Filter>
    </ClCompile>
    <ClCompile Include="OpenGL4Source\Renderer\OGL4_APICommands.cpp">
      <Filter>Source Files</Filter>
    </ClCompile>
    <ClCompile Include="OpenGL4Source\Renderer\OGL4_ContentManager.cpp">
      <Filter>Source Files</Filter>
    </ClCompile>
    <ClCompile Include="OpenGL4Source\Renderer\OGL4_Renderer_Core.cpp">
      <Filter>Source Files</Filter>
    </ClCompile>
    <ClCompile Include="OpenGL4Source\Renderer\OGL4_RenderGraph.cpp">
      <Filter>Source Files</Filter>
    </ClCompile>
    <ClCompile Include="OpenGL4Source\glad.c">
      <Filter>Source Files</Filter>
    </ClCompile>
    <ClCompile Include="OpenGL4Source\OGL4_Core.cpp">
      <Filter>Source Files</Filter>
    </ClCompile>
    <ClCompile Include="OpenGL4Source\OGL4_Display.cpp">
      <Filter>Source Files</Filter>
    </ClCompile>
    <ClCompile Include="OpenGL4Source\OGL4_ENUMs.cpp">
      <Filter>Source Files</Filter>
    </ClCompile>
    <ClCompile Include="TuranAPI\TSTL\Bitset.cpp">
      <Filter>Source Files</Filter>
    </ClCompile>
    <ClCompile Include="EditorSource\FileSystem\ResourceTypes\Resource_Identifier.cpp">
      <Filter>Source Files</Filter>
    </ClCompile>
    <ClCompile Include="EditorSource\FileSystem\ResourceLoaders\Load_SceneResource.cpp">
      <Filter>Source Files</Filter>
    </ClCompile>
    <ClCompile Include="EditorSource\FileSystem\ResourceLoaders\Load_StaticModel.cpp">
      <Filter>Source Files</Filter>
    </ClCompile>
    <ClCompile Include="EditorSource\FileSystem\ResourceLoaders\Load_Texture.cpp">
      <Filter>Source Files</Filter>
    </ClCompile>
    <ClCompile Include="EditorSource\FileSystem\ResourceLoaders\Load_Material_TypeandInst.cpp">
      <Filter>Source Files</Filter>
    </ClCompile>
  </ItemGroup>
  <ItemGroup>
    <ClInclude Include="EditorSource\Editors\ResourceLoaders\Material_Type_Loader.h">
      <Filter>Header Files</Filter>
    </ClInclude>
    <ClInclude Include="EditorSource\Editors\ResourceLoaders\MaterialInstance_Import.h">
      <Filter>Header Files</Filter>
    </ClInclude>
    <ClInclude Include="EditorSource\Editors\ResourceLoaders\Model_Loader.h">
      <Filter>Header Files</Filter>
    </ClInclude>
    <ClInclude Include="EditorSource\Editors\ResourceLoaders\Texture_Loader.h">
      <Filter>Header Files</Filter>
    </ClInclude>
    <ClInclude Include="EditorSource\Editors\Content_Browser.h">
      <Filter>Header Files</Filter>
    </ClInclude>
    <ClInclude Include="EditorSource\Editors\EDITORs.h">
      <Filter>Header Files</Filter>
    </ClInclude>
    <ClInclude Include="EditorSource\Editors\IMGUI_DEFAULT_WINDOWs.h">
      <Filter>Header Files</Filter>
    </ClInclude>
    <ClInclude Include="EditorSource\Editors\Main_Window.h">
      <Filter>Header Files</Filter>
    </ClInclude>
    <ClInclude Include="EditorSource\Editors\Profiling_Window.h">
      <Filter>Header Files</Filter>
    </ClInclude>
    <ClInclude Include="EditorSource\Editors\Properties_Window.h">
      <Filter>Header Files</Filter>
    </ClInclude>
    <ClInclude Include="EditorSource\Editors\Scene_Editor.h">
      <Filter>Header Files</Filter>
    </ClInclude>
    <ClInclude Include="EditorSource\Editors\Status_Window.h">
      <Filter>Header Files</Filter>
    </ClInclude>
    <ClInclude Include="EditorSource\FileSystem\DataFormats\EditorResources_generated.h">
      <Filter>Header Files</Filter>
    </ClInclude>
    <ClInclude Include="EditorSource\FileSystem\GameObjects\Camera_Component.h">
      <Filter>Header Files</Filter>
    </ClInclude>
    <ClInclude Include="EditorSource\FileSystem\GameObjects\StaticModel_Component.h">
      <Filter>Header Files</Filter>
    </ClInclude>
    <ClInclude Include="EditorSource\FileSystem\ResourceTypes\FileList_Resource.h">
      <Filter>Header Files</Filter>
    </ClInclude>
    <ClInclude Include="EditorSource\FileSystem\ResourceTypes\Model_Resource.h">
      <Filter>Header Files</Filter>
    </ClInclude>
    <ClInclude Include="EditorSource\FileSystem\ResourceTypes\Scene_Resource.h">
      <Filter>Header Files</Filter>
    </ClInclude>
    <ClInclude Include="EditorSource\FileSystem\EditorFileSystem_Core.h">
      <Filter>Header Files</Filter>
    </ClInclude>
    <ClInclude Include="EditorSource\RenderContext\Draw Passes\Draw_Passes.h">
      <Filter>Header Files</Filter>
    </ClInclude>
    <ClInclude Include="EditorSource\RenderContext\Draw Passes\GBuffer_DrawPass.h">
      <Filter>Header Files</Filter>
    </ClInclude>
    <ClInclude Include="EditorSource\RenderContext\Game_RenderGraph.h">
      <Filter>Header Files</Filter>
    </ClInclude>
    <ClInclude Include="EditorSource\Editor.h">
      <Filter>Header Files</Filter>
    </ClInclude>
    <ClInclude Include="EditorSource\Editor_Includes.h">
      <Filter>Header Files</Filter>
    </ClInclude>
    <ClInclude Include="EngineSource\TuranLang\TuranLang_Core.h">
      <Filter>Header Files</Filter>
    </ClInclude>
    <ClInclude Include="EngineSource\ENGINE_ENUMs.h">
      <Filter>Header Files</Filter>
    </ClInclude>
    <ClInclude Include="EngineSource\Engine_Includes.h">
      <Filter>Header Files</Filter>
    </ClInclude>
    <ClInclude Include="EngineSource\TuranEngine.h">
      <Filter>Header Files</Filter>
    </ClInclude>
    <ClInclude Include="GFXSource\GFX_FileSystem\DataFormats\GFXAPI_Resources_generated.h">
      <Filter>Header Files</Filter>
    </ClInclude>
    <ClInclude Include="GFXSource\GFX_FileSystem\Resource_Type\Material_Type_Resource.h">
      <Filter>Header Files</Filter>
    </ClInclude>
    <ClInclude Include="GFXSource\GFX_FileSystem\Resource_Type\Texture_Resource.h">
      <Filter>Header Files</Filter>
    </ClInclude>
    <ClInclude Include="GFXSource\IMGUI\Includes\imconfig.h">
      <Filter>Header Files</Filter>
    </ClInclude>
    <ClInclude Include="GFXSource\IMGUI\Includes\imgui.h">
      <Filter>Header Files</Filter>
    </ClInclude>
    <ClInclude Include="GFXSource\IMGUI\Includes\imgui_internal.h">
      <Filter>Header Files</Filter>
    </ClInclude>
    <ClInclude Include="GFXSource\IMGUI\Includes\imgui_stdlib.h">
      <Filter>Header Files</Filter>
    </ClInclude>
    <ClInclude Include="GFXSource\IMGUI\Includes\imstb_rectpack.h">
      <Filter>Header Files</Filter>
    </ClInclude>
    <ClInclude Include="GFXSource\IMGUI\Includes\imstb_textedit.h">
      <Filter>Header Files</Filter>
    </ClInclude>
    <ClInclude Include="GFXSource\IMGUI\Includes\imstb_truetype.h">
      <Filter>Header Files</Filter>
    </ClInclude>
    <ClInclude Include="GFXSource\IMGUI\IMGUI_Core.h">
      <Filter>Header Files</Filter>
    </ClInclude>
    <ClInclude Include="GFXSource\IMGUI\IMGUI_GFX.h">
      <Filter>Header Files</Filter>
    </ClInclude>
    <ClInclude Include="GFXSource\IMGUI\IMGUI_WINDOW.h">
      <Filter>Header Files</Filter>
    </ClInclude>
    <ClInclude Include="GFXSource\Renderer\GFX_APICommands.h">
      <Filter>Header Files</Filter>
    </ClInclude>
    <ClInclude Include="GFXSource\Renderer\GFX_RenderCommands.h">
      <Filter>Header Files</Filter>
    </ClInclude>
    <ClInclude Include="GFXSource\Renderer\GFX_Renderer.h">
      <Filter>Header Files</Filter>
    </ClInclude>
    <ClInclude Include="GFXSource\Renderer\GFX_RenderGraph.h">
      <Filter>Header Files</Filter>
    </ClInclude>
    <ClInclude Include="GFXSource\Renderer\GFX_Resource.h">
      <Filter>Header Files</Filter>
    </ClInclude>
    <ClInclude Include="GFXSource\Renderer\GPU_ContentManager.h">
      <Filter>Header Files</Filter>
    </ClInclude>
    <ClInclude Include="GFXSource\GFX_Core.h">
      <Filter>Header Files</Filter>
    </ClInclude>
    <ClInclude Include="GFXSource\GFX_Display.h">
      <Filter>Header Files</Filter>
    </ClInclude>
    <ClInclude Include="GFXSource\GFX_ENUMs.h">
      <Filter>Header Files</Filter>
    </ClInclude>
    <ClInclude Include="GFXSource\GFX_Includes.h">
      <Filter>Header Files</Filter>
    </ClInclude>
    <ClInclude Include="TuranAPI\FileSystem\DataFormats\TuranAPIFormats_generated.h">
      <Filter>Header Files</Filter>
    </ClInclude>
    <ClInclude Include="TuranAPI\FileSystem\GameObjects\GameComponents\GameComponent.h">
      <Filter>Header Files</Filter>
    </ClInclude>
    <ClInclude Include="TuranAPI\FileSystem\GameObjects\GameComponents\GameComponentTypes.h">
      <Filter>Header Files</Filter>
    </ClInclude>
    <ClInclude Include="TuranAPI\FileSystem\FileSystem_Core.h">
      <Filter>Header Files</Filter>
    </ClInclude>
    <ClInclude Include="TuranAPI\Logger\Logger_Core.h">
      <Filter>Header Files</Filter>
    </ClInclude>
    <ClInclude Include="TuranAPI\MemoryManager\MemoryManager_Core.h">
      <Filter>Header Files</Filter>
    </ClInclude>
    <ClInclude Include="TuranAPI\Profiler\Profiler_Core.h">
      <Filter>Header Files</Filter>
    </ClInclude>
    <ClInclude Include="TuranAPI\API_ENUMs.h">
      <Filter>Header Files</Filter>
    </ClInclude>
    <ClInclude Include="TuranAPI\API_includes.h">
      <Filter>Header Files</Filter>
    </ClInclude>
    <ClInclude Include="TuranAPI\TuranAPI_Core.h">
      <Filter>Header Files</Filter>
    </ClInclude>
    <ClInclude Include="OpenGL4Source\IMGUI\imgui_impl_glfw.h">
      <Filter>Header Files</Filter>
    </ClInclude>
    <ClInclude Include="OpenGL4Source\IMGUI\imgui_impl_opengl3.h">
      <Filter>Header Files</Filter>
    </ClInclude>
    <ClInclude Include="OpenGL4Source\IMGUI\IMGUI_OGL4.h">
      <Filter>Header Files</Filter>
    </ClInclude>
    <ClInclude Include="OpenGL4Source\Renderer\OGL4_APICommands.h">
      <Filter>Header Files</Filter>
    </ClInclude>
    <ClInclude Include="OpenGL4Source\Renderer\OGL4_GPUContentManager.h">
      <Filter>Header Files</Filter>
    </ClInclude>
    <ClInclude Include="OpenGL4Source\Renderer\OGL4_Renderer_Core.h">
      <Filter>Header Files</Filter>
    </ClInclude>
    <ClInclude Include="OpenGL4Source\Renderer\OGL4_RenderGraph.h">
      <Filter>Header Files</Filter>
    </ClInclude>
    <ClInclude Include="OpenGL4Source\OGL4_Core.h">
      <Filter>Header Files</Filter>
    </ClInclude>
    <ClInclude Include="OpenGL4Source\OGL4_Display.h">
      <Filter>Header Files</Filter>
    </ClInclude>
    <ClInclude Include="OpenGL4Source\OGL4_ENUMs.h">
      <Filter>Header Files</Filter>
    </ClInclude>
    <ClInclude Include="OpenGL4Source\OpenGL4_Includes.h">
      <Filter>Header Files</Filter>
    </ClInclude>
    <ClInclude Include="TuranAPI\TSTL\Bitset.h">
      <Filter>Header Files</Filter>
    </ClInclude>
    <ClInclude Include="EditorSource\FileSystem\ResourceTypes\ResourceTYPEs.h">
      <Filter>Header Files</Filter>
    </ClInclude>
    <ClInclude Include="EditorSource\FileSystem\ResourceTypes\Resource_Identifier.h">
      <Filter>Header Files</Filter>
    </ClInclude>
  </ItemGroup>
  <ItemGroup>
    <None Include="assimp.dll" />
    <None Include="File_List.enginecont" />
  </ItemGroup>
</Project>